
Microsoft Visual Studio Solution File, Format Version 12.00
# Visual Studio Version 16
VisualStudioVersion = 16.0.29519.87
MinimumVisualStudioVersion = 10.0.40219.1
Project("{9A19103F-16F7-4668-BE54-9A1E7A4F7556}") = "SqlSchema.Library", "SqlSchema.Library\SqlSchema.Library.csproj", "{3C4D3289-AB6B-40E5-97B9-724BD9D80A7F}"
EndProject
Project("{FAE04EC0-301F-11D3-BF4B-00C04F79EFBC}") = "SqlSchema.SqlServer", "SqlSchema.SqlServer\SqlSchema.SqlServer.csproj", "{1E8739EA-31DB-4C39-8697-891C7202CC15}"
EndProject
Project("{FAE04EC0-301F-11D3-BF4B-00C04F79EFBC}") = "Testing", "Testing\Testing.csproj", "{F61AB778-C352-48BA-A557-DA3FFEEF266F}"
EndProject
Global
	GlobalSection(SolutionConfigurationPlatforms) = preSolution
		Debug|Any CPU = Debug|Any CPU
		Release|Any CPU = Release|Any CPU
	EndGlobalSection
	GlobalSection(ProjectConfigurationPlatforms) = postSolution
		{3C4D3289-AB6B-40E5-97B9-724BD9D80A7F}.Debug|Any CPU.ActiveCfg = Debug|Any CPU
		{3C4D3289-AB6B-40E5-97B9-724BD9D80A7F}.Debug|Any CPU.Build.0 = Debug|Any CPU
		{3C4D3289-AB6B-40E5-97B9-724BD9D80A7F}.Release|Any CPU.ActiveCfg = Release|Any CPU
		{3C4D3289-AB6B-40E5-97B9-724BD9D80A7F}.Release|Any CPU.Build.0 = Release|Any CPU
		{1E8739EA-31DB-4C39-8697-891C7202CC15}.Debug|Any CPU.ActiveCfg = Debug|Any CPU
		{1E8739EA-31DB-4C39-8697-891C7202CC15}.Debug|Any CPU.Build.0 = Debug|Any CPU
		{1E8739EA-31DB-4C39-8697-891C7202CC15}.Release|Any CPU.ActiveCfg = Release|Any CPU
		{1E8739EA-31DB-4C39-8697-891C7202CC15}.Release|Any CPU.Build.0 = Release|Any CPU
		{F61AB778-C352-48BA-A557-DA3FFEEF266F}.Debug|Any CPU.ActiveCfg = Debug|Any CPU
		{F61AB778-C352-48BA-A557-DA3FFEEF266F}.Debug|Any CPU.Build.0 = Debug|Any CPU
		{F61AB778-C352-48BA-A557-DA3FFEEF266F}.Release|Any CPU.ActiveCfg = Release|Any CPU
		{F61AB778-C352-48BA-A557-DA3FFEEF266F}.Release|Any CPU.Build.0 = Release|Any CPU
	EndGlobalSection
	GlobalSection(SolutionProperties) = preSolution
		HideSolutionNode = FALSE
	EndGlobalSection
	GlobalSection(ExtensibilityGlobals) = postSolution
		SolutionGuid = {C2128DB0-BBEE-49F5-A1D6-2D216D5A8290}
	EndGlobalSection
EndGlobal
